
Microsoft Visual Studio Solution File, Format Version 12.00
# Visual Studio Version 17
VisualStudioVersion = 17.3.32929.385
MinimumVisualStudioVersion = 10.0.40219.1
Project("{FAE04EC0-301F-11D3-BF4B-00C04F79EFBC}") = "Palette", "Palette\Palette.csproj", "{0EB462AD-7442-4191-9AFC-2CA4AA46AB37}"
EndProject
Global
	GlobalSection(SolutionConfigurationPlatforms) = preSolution
		Debug|Any CPU = Debug|Any CPU
		Release|Any CPU = Release|Any CPU
	EndGlobalSection
	GlobalSection(ProjectConfigurationPlatforms) = postSolution
		{0EB462AD-7442-4191-9AFC-2CA4AA46AB37}.Debug|Any CPU.ActiveCfg = Debug|Any CPU
		{0EB462AD-7442-4191-9AFC-2CA4AA46AB37}.Debug|Any CPU.Build.0 = Debug|Any CPU
		{0EB462AD-7442-4191-9AFC-2CA4AA46AB37}.Release|Any CPU.ActiveCfg = Release|Any CPU
		{0EB462AD-7442-4191-9AFC-2CA4AA46AB37}.Release|Any CPU.Build.0 = Release|Any CPU
	EndGlobalSection
	GlobalSection(SolutionProperties) = preSolution
		HideSolutionNode = FALSE
	EndGlobalSection
	GlobalSection(ExtensibilityGlobals) = postSolution
		SolutionGuid = {DA5CD5C9-88F2-46C5-BCC3-A7506D5BD068}
	EndGlobalSection
EndGlobal
